
Microsoft Visual Studio Solution File, Format Version 12.00
# Visual Studio Version 17
VisualStudioVersion = 17.3.32804.467
MinimumVisualStudioVersion = 10.0.40219.1
Project("{FAE04EC0-301F-11D3-BF4B-00C04F79EFBC}") = "SimplilearnPhase3EndProject", "SimplilearnPhase3EndProject\SimplilearnPhase3EndProject.csproj", "{13B85876-D59A-4659-94F8-CC4445B3D557}"
EndProject
Project("{FAE04EC0-301F-11D3-BF4B-00C04F79EFBC}") = "DAL", "DAL\DAL.csproj", "{65A9D4B5-458F-4FB2-A574-CA6ED594F519}"
EndProject
Project("{FAE04EC0-301F-11D3-BF4B-00C04F79EFBC}") = "HelperLibrary", "HelperLibrary\HelperLibrary.csproj", "{B29BC4DA-A793-4A1E-8071-0E8B1AFC73B7}"
EndProject
Global
	GlobalSection(SolutionConfigurationPlatforms) = preSolution
		Debug|Any CPU = Debug|Any CPU
		Release|Any CPU = Release|Any CPU
	EndGlobalSection
	GlobalSection(ProjectConfigurationPlatforms) = postSolution
		{13B85876-D59A-4659-94F8-CC4445B3D557}.Debug|Any CPU.ActiveCfg = Debug|Any CPU
		{13B85876-D59A-4659-94F8-CC4445B3D557}.Debug|Any CPU.Build.0 = Debug|Any CPU
		{13B85876-D59A-4659-94F8-CC4445B3D557}.Release|Any CPU.ActiveCfg = Release|Any CPU
		{13B85876-D59A-4659-94F8-CC4445B3D557}.Release|Any CPU.Build.0 = Release|Any CPU
		{65A9D4B5-458F-4FB2-A574-CA6ED594F519}.Debug|Any CPU.ActiveCfg = Debug|Any CPU
		{65A9D4B5-458F-4FB2-A574-CA6ED594F519}.Debug|Any CPU.Build.0 = Debug|Any CPU
		{65A9D4B5-458F-4FB2-A574-CA6ED594F519}.Release|Any CPU.ActiveCfg = Release|Any CPU
		{65A9D4B5-458F-4FB2-A574-CA6ED594F519}.Release|Any CPU.Build.0 = Release|Any CPU
		{B29BC4DA-A793-4A1E-8071-0E8B1AFC73B7}.Debug|Any CPU.ActiveCfg = Debug|Any CPU
		{B29BC4DA-A793-4A1E-8071-0E8B1AFC73B7}.Debug|Any CPU.Build.0 = Debug|Any CPU
		{B29BC4DA-A793-4A1E-8071-0E8B1AFC73B7}.Release|Any CPU.ActiveCfg = Release|Any CPU
		{B29BC4DA-A793-4A1E-8071-0E8B1AFC73B7}.Release|Any CPU.Build.0 = Release|Any CPU
	EndGlobalSection
	GlobalSection(SolutionProperties) = preSolution
		HideSolutionNode = FALSE
	EndGlobalSection
	GlobalSection(ExtensibilityGlobals) = postSolution
		SolutionGuid = {952DAA41-55F0-4D05-9AAE-635917D51CE0}
	EndGlobalSection
EndGlobal
